
Microsoft Visual Studio Solution File, Format Version 12.00
# Visual Studio Version 17
VisualStudioVersion = 17.1.32228.430
MinimumVisualStudioVersion = 10.0.40219.1
Project("{2150E333-8FDC-42A3-9474-1A3956D46DE8}") = "Design Patterns", "Design Patterns", "{44AA3E4E-0909-45A5-8324-E74EEB1E00B4}"
EndProject
Project("{2150E333-8FDC-42A3-9474-1A3956D46DE8}") = "Creational", "Creational", "{E2CA1CDB-7C58-4854-8C95-0E750D197172}"
EndProject
Project("{2150E333-8FDC-42A3-9474-1A3956D46DE8}") = "Behavioral", "Behavioral", "{0A44CACE-EF86-4A47-9530-5181C1C5B887}"
EndProject
Project("{2150E333-8FDC-42A3-9474-1A3956D46DE8}") = "SOLID", "SOLID", "{BE9CC60B-AF60-4C22-8045-C15160B06237}"
EndProject
Project("{FAE04EC0-301F-11D3-BF4B-00C04F79EFBC}") = "SOLID", "SOLID\SOLID.csproj", "{8EAA66F9-126E-4FC0-8B27-E79A34D588B4}"
EndProject
Project("{9A19103F-16F7-4668-BE54-9A1E7A4F7556}") = "Command", "DesignPatterns\Command\Command.csproj", "{2ECAE3C8-3E18-4FA5-87C7-27F9ADA0EB99}"
EndProject
Project("{9A19103F-16F7-4668-BE54-9A1E7A4F7556}") = "Iterator", "DesignPatterns\Iterator\Iterator.csproj", "{71EDAA4F-2A65-4B94-B6FF-D03C1FB4F7E5}"
EndProject
Project("{9A19103F-16F7-4668-BE54-9A1E7A4F7556}") = "ObserverConsole", "DesignPatterns\ObserverConsole\ObserverConsole.csproj", "{AFE26B61-2398-406B-A393-97ECC3111848}"
EndProject
Project("{9A19103F-16F7-4668-BE54-9A1E7A4F7556}") = "AbstractFactory", "DesignPatterns\AbstractFactory\AbstractFactory.csproj", "{977C57D3-8AD2-4254-AF46-4ECC0245CCC6}"
EndProject
Project("{9A19103F-16F7-4668-BE54-9A1E7A4F7556}") = "FactoryMethod", "DesignPatterns\FactoryMethod\FactoryMethod.csproj", "{C81A9281-0EB2-4EE6-B5DC-E8983A59A2DC}"
EndProject
Project("{9A19103F-16F7-4668-BE54-9A1E7A4F7556}") = "Singleton", "DesignPatterns\Singleton\Singleton.csproj", "{A1F754F7-2507-44F8-AE73-0A04C3D420C4}"
EndProject
Project("{2150E333-8FDC-42A3-9474-1A3956D46DE8}") = "Structural", "Structural", "{D0C947D9-5660-4CC0-9BA4-C507ACBA1A4C}"
EndProject
Project("{9A19103F-16F7-4668-BE54-9A1E7A4F7556}") = "Composite", "DesignPatterns\Composite\Composite.csproj", "{1602E222-4A33-430F-B852-6E6BF079AF7B}"
EndProject
Project("{9A19103F-16F7-4668-BE54-9A1E7A4F7556}") = "Facade", "DesignPatterns\Facade\Facade.csproj", "{67D75AA3-2E85-4BA7-BF97-38328B622DB0}"
EndProject
Project("{9A19103F-16F7-4668-BE54-9A1E7A4F7556}") = "Decorator", "DesignPatterns\Decorator\Decorator.csproj", "{5898634D-2AC5-49C7-9F63-213D0B2379B6}"
EndProject
Project("{2150E333-8FDC-42A3-9474-1A3956D46DE8}") = "Web Services", "Web Services", "{C1755EC9-5386-4AD9-832F-A8DFBC411657}"
EndProject
Project("{FAE04EC0-301F-11D3-BF4B-00C04F79EFBC}") = "WebServiceCliente", "WebServices\WebServiceCliente\WebServiceCliente.csproj", "{529389C3-30E3-47E1-88BF-92E7F2786938}"
EndProject
Project("{FAE04EC0-301F-11D3-BF4B-00C04F79EFBC}") = "WebServiceServer", "WebServices\WebServiceServer\WebServiceServer.csproj", "{8A262E67-DCCC-4C6F-9921-8C11285F2BA6}"
EndProject
Global
	GlobalSection(SolutionConfigurationPlatforms) = preSolution
		CrossPlatform|Any CPU = CrossPlatform|Any CPU
		Debug|Any CPU = Debug|Any CPU
		Release|Any CPU = Release|Any CPU
	EndGlobalSection
	GlobalSection(ProjectConfigurationPlatforms) = postSolution
		{8EAA66F9-126E-4FC0-8B27-E79A34D588B4}.CrossPlatform|Any CPU.ActiveCfg = Release|Any CPU
		{8EAA66F9-126E-4FC0-8B27-E79A34D588B4}.CrossPlatform|Any CPU.Build.0 = Release|Any CPU
		{8EAA66F9-126E-4FC0-8B27-E79A34D588B4}.Debug|Any CPU.ActiveCfg = Debug|Any CPU
		{8EAA66F9-126E-4FC0-8B27-E79A34D588B4}.Debug|Any CPU.Build.0 = Debug|Any CPU
		{8EAA66F9-126E-4FC0-8B27-E79A34D588B4}.Release|Any CPU.ActiveCfg = Release|Any CPU
		{8EAA66F9-126E-4FC0-8B27-E79A34D588B4}.Release|Any CPU.Build.0 = Release|Any CPU
		{2ECAE3C8-3E18-4FA5-87C7-27F9ADA0EB99}.CrossPlatform|Any CPU.ActiveCfg = Debug|Any CPU
		{2ECAE3C8-3E18-4FA5-87C7-27F9ADA0EB99}.CrossPlatform|Any CPU.Build.0 = Debug|Any CPU
		{2ECAE3C8-3E18-4FA5-87C7-27F9ADA0EB99}.Debug|Any CPU.ActiveCfg = Debug|Any CPU
		{2ECAE3C8-3E18-4FA5-87C7-27F9ADA0EB99}.Debug|Any CPU.Build.0 = Debug|Any CPU
		{2ECAE3C8-3E18-4FA5-87C7-27F9ADA0EB99}.Release|Any CPU.ActiveCfg = Release|Any CPU
		{2ECAE3C8-3E18-4FA5-87C7-27F9ADA0EB99}.Release|Any CPU.Build.0 = Release|Any CPU
		{71EDAA4F-2A65-4B94-B6FF-D03C1FB4F7E5}.CrossPlatform|Any CPU.ActiveCfg = Debug|Any CPU
		{71EDAA4F-2A65-4B94-B6FF-D03C1FB4F7E5}.CrossPlatform|Any CPU.Build.0 = Debug|Any CPU
		{71EDAA4F-2A65-4B94-B6FF-D03C1FB4F7E5}.Debug|Any CPU.ActiveCfg = Debug|Any CPU
		{71EDAA4F-2A65-4B94-B6FF-D03C1FB4F7E5}.Debug|Any CPU.Build.0 = Debug|Any CPU
		{71EDAA4F-2A65-4B94-B6FF-D03C1FB4F7E5}.Release|Any CPU.ActiveCfg = Release|Any CPU
		{71EDAA4F-2A65-4B94-B6FF-D03C1FB4F7E5}.Release|Any CPU.Build.0 = Release|Any CPU
		{AFE26B61-2398-406B-A393-97ECC3111848}.CrossPlatform|Any CPU.ActiveCfg = Debug|Any CPU
		{AFE26B61-2398-406B-A393-97ECC3111848}.CrossPlatform|Any CPU.Build.0 = Debug|Any CPU
		{AFE26B61-2398-406B-A393-97ECC3111848}.Debug|Any CPU.ActiveCfg = Debug|Any CPU
		{AFE26B61-2398-406B-A393-97ECC3111848}.Debug|Any CPU.Build.0 = Debug|Any CPU
		{AFE26B61-2398-406B-A393-97ECC3111848}.Release|Any CPU.ActiveCfg = Release|Any CPU
		{AFE26B61-2398-406B-A393-97ECC3111848}.Release|Any CPU.Build.0 = Release|Any CPU
		{977C57D3-8AD2-4254-AF46-4ECC0245CCC6}.CrossPlatform|Any CPU.ActiveCfg = Debug|Any CPU
		{977C57D3-8AD2-4254-AF46-4ECC0245CCC6}.CrossPlatform|Any CPU.Build.0 = Debug|Any CPU
		{977C57D3-8AD2-4254-AF46-4ECC0245CCC6}.Debug|Any CPU.ActiveCfg = Debug|Any CPU
		{977C57D3-8AD2-4254-AF46-4ECC0245CCC6}.Debug|Any CPU.Build.0 = Debug|Any CPU
		{977C57D3-8AD2-4254-AF46-4ECC0245CCC6}.Release|Any CPU.ActiveCfg = Release|Any CPU
		{977C57D3-8AD2-4254-AF46-4ECC0245CCC6}.Release|Any CPU.Build.0 = Release|Any CPU
		{C81A9281-0EB2-4EE6-B5DC-E8983A59A2DC}.CrossPlatform|Any CPU.ActiveCfg = Debug|Any CPU
		{C81A9281-0EB2-4EE6-B5DC-E8983A59A2DC}.CrossPlatform|Any CPU.Build.0 = Debug|Any CPU
		{C81A9281-0EB2-4EE6-B5DC-E8983A59A2DC}.Debug|Any CPU.ActiveCfg = Debug|Any CPU
		{C81A9281-0EB2-4EE6-B5DC-E8983A59A2DC}.Debug|Any CPU.Build.0 = Debug|Any CPU
		{C81A9281-0EB2-4EE6-B5DC-E8983A59A2DC}.Release|Any CPU.ActiveCfg = Release|Any CPU
		{C81A9281-0EB2-4EE6-B5DC-E8983A59A2DC}.Release|Any CPU.Build.0 = Release|Any CPU
		{A1F754F7-2507-44F8-AE73-0A04C3D420C4}.CrossPlatform|Any CPU.ActiveCfg = Debug|Any CPU
		{A1F754F7-2507-44F8-AE73-0A04C3D420C4}.CrossPlatform|Any CPU.Build.0 = Debug|Any CPU
		{A1F754F7-2507-44F8-AE73-0A04C3D420C4}.Debug|Any CPU.ActiveCfg = Debug|Any CPU
		{A1F754F7-2507-44F8-AE73-0A04C3D420C4}.Debug|Any CPU.Build.0 = Debug|Any CPU
		{A1F754F7-2507-44F8-AE73-0A04C3D420C4}.Release|Any CPU.ActiveCfg = Release|Any CPU
		{A1F754F7-2507-44F8-AE73-0A04C3D420C4}.Release|Any CPU.Build.0 = Release|Any CPU
		{1602E222-4A33-430F-B852-6E6BF079AF7B}.CrossPlatform|Any CPU.ActiveCfg = Debug|Any CPU
		{1602E222-4A33-430F-B852-6E6BF079AF7B}.CrossPlatform|Any CPU.Build.0 = Debug|Any CPU
		{1602E222-4A33-430F-B852-6E6BF079AF7B}.Debug|Any CPU.ActiveCfg = Debug|Any CPU
		{1602E222-4A33-430F-B852-6E6BF079AF7B}.Debug|Any CPU.Build.0 = Debug|Any CPU
		{1602E222-4A33-430F-B852-6E6BF079AF7B}.Release|Any CPU.ActiveCfg = Release|Any CPU
		{1602E222-4A33-430F-B852-6E6BF079AF7B}.Release|Any CPU.Build.0 = Release|Any CPU
		{67D75AA3-2E85-4BA7-BF97-38328B622DB0}.CrossPlatform|Any CPU.ActiveCfg = Debug|Any CPU
		{67D75AA3-2E85-4BA7-BF97-38328B622DB0}.CrossPlatform|Any CPU.Build.0 = Debug|Any CPU
		{67D75AA3-2E85-4BA7-BF97-38328B622DB0}.Debug|Any CPU.ActiveCfg = Debug|Any CPU
		{67D75AA3-2E85-4BA7-BF97-38328B622DB0}.Debug|Any CPU.Build.0 = Debug|Any CPU
		{67D75AA3-2E85-4BA7-BF97-38328B622DB0}.Release|Any CPU.ActiveCfg = Release|Any CPU
		{67D75AA3-2E85-4BA7-BF97-38328B622DB0}.Release|Any CPU.Build.0 = Release|Any CPU
		{5898634D-2AC5-49C7-9F63-213D0B2379B6}.CrossPlatform|Any CPU.ActiveCfg = Debug|Any CPU
		{5898634D-2AC5-49C7-9F63-213D0B2379B6}.CrossPlatform|Any CPU.Build.0 = Debug|Any CPU
		{5898634D-2AC5-49C7-9F63-213D0B2379B6}.Debug|Any CPU.ActiveCfg = Debug|Any CPU
		{5898634D-2AC5-49C7-9F63-213D0B2379B6}.Debug|Any CPU.Build.0 = Debug|Any CPU
		{5898634D-2AC5-49C7-9F63-213D0B2379B6}.Release|Any CPU.ActiveCfg = Release|Any CPU
		{5898634D-2AC5-49C7-9F63-213D0B2379B6}.Release|Any CPU.Build.0 = Release|Any CPU
		{529389C3-30E3-47E1-88BF-92E7F2786938}.CrossPlatform|Any CPU.ActiveCfg = Debug|Any CPU
		{529389C3-30E3-47E1-88BF-92E7F2786938}.CrossPlatform|Any CPU.Build.0 = Debug|Any CPU
		{529389C3-30E3-47E1-88BF-92E7F2786938}.Debug|Any CPU.ActiveCfg = Debug|Any CPU
		{529389C3-30E3-47E1-88BF-92E7F2786938}.Debug|Any CPU.Build.0 = Debug|Any CPU
		{529389C3-30E3-47E1-88BF-92E7F2786938}.Release|Any CPU.ActiveCfg = Release|Any CPU
		{529389C3-30E3-47E1-88BF-92E7F2786938}.Release|Any CPU.Build.0 = Release|Any CPU
		{8A262E67-DCCC-4C6F-9921-8C11285F2BA6}.CrossPlatform|Any CPU.ActiveCfg = Debug|Any CPU
		{8A262E67-DCCC-4C6F-9921-8C11285F2BA6}.CrossPlatform|Any CPU.Build.0 = Debug|Any CPU
		{8A262E67-DCCC-4C6F-9921-8C11285F2BA6}.Debug|Any CPU.ActiveCfg = Debug|Any CPU
		{8A262E67-DCCC-4C6F-9921-8C11285F2BA6}.Debug|Any CPU.Build.0 = Debug|Any CPU
		{8A262E67-DCCC-4C6F-9921-8C11285F2BA6}.Release|Any CPU.ActiveCfg = Release|Any CPU
		{8A262E67-DCCC-4C6F-9921-8C11285F2BA6}.Release|Any CPU.Build.0 = Release|Any CPU
	EndGlobalSection
	GlobalSection(SolutionProperties) = preSolution
		HideSolutionNode = FALSE
	EndGlobalSection
	GlobalSection(NestedProjects) = preSolution
		{E2CA1CDB-7C58-4854-8C95-0E750D197172} = {44AA3E4E-0909-45A5-8324-E74EEB1E00B4}
		{0A44CACE-EF86-4A47-9530-5181C1C5B887} = {44AA3E4E-0909-45A5-8324-E74EEB1E00B4}
		{8EAA66F9-126E-4FC0-8B27-E79A34D588B4} = {BE9CC60B-AF60-4C22-8045-C15160B06237}
		{2ECAE3C8-3E18-4FA5-87C7-27F9ADA0EB99} = {0A44CACE-EF86-4A47-9530-5181C1C5B887}
		{71EDAA4F-2A65-4B94-B6FF-D03C1FB4F7E5} = {0A44CACE-EF86-4A47-9530-5181C1C5B887}
		{AFE26B61-2398-406B-A393-97ECC3111848} = {0A44CACE-EF86-4A47-9530-5181C1C5B887}
		{977C57D3-8AD2-4254-AF46-4ECC0245CCC6} = {E2CA1CDB-7C58-4854-8C95-0E750D197172}
		{C81A9281-0EB2-4EE6-B5DC-E8983A59A2DC} = {E2CA1CDB-7C58-4854-8C95-0E750D197172}
		{A1F754F7-2507-44F8-AE73-0A04C3D420C4} = {E2CA1CDB-7C58-4854-8C95-0E750D197172}
		{D0C947D9-5660-4CC0-9BA4-C507ACBA1A4C} = {44AA3E4E-0909-45A5-8324-E74EEB1E00B4}
		{1602E222-4A33-430F-B852-6E6BF079AF7B} = {D0C947D9-5660-4CC0-9BA4-C507ACBA1A4C}
		{67D75AA3-2E85-4BA7-BF97-38328B622DB0} = {D0C947D9-5660-4CC0-9BA4-C507ACBA1A4C}
		{5898634D-2AC5-49C7-9F63-213D0B2379B6} = {D0C947D9-5660-4CC0-9BA4-C507ACBA1A4C}
		{529389C3-30E3-47E1-88BF-92E7F2786938} = {C1755EC9-5386-4AD9-832F-A8DFBC411657}
		{8A262E67-DCCC-4C6F-9921-8C11285F2BA6} = {C1755EC9-5386-4AD9-832F-A8DFBC411657}
	EndGlobalSection
	GlobalSection(ExtensibilityGlobals) = postSolution
		SolutionGuid = {D5A8AD2B-26CE-49B0-8790-6753E8ACA663}
	EndGlobalSection
EndGlobal
